
Microsoft Visual Studio Solution File, Format Version 12.00
# Visual Studio 15
VisualStudioVersion = 15.0.27703.2042
MinimumVisualStudioVersion = 10.0.40219.1
Project("{FAE04EC0-301F-11D3-BF4B-00C04F79EFBC}") = "RippleDotNet", "RippleDotNet\RippleDotNet.csproj", "{09D50F6F-2833-4DE0-A609-AA45C45AFE21}"
EndProject
Global
	GlobalSection(SolutionConfigurationPlatforms) = preSolution
		Debug|Any CPU = Debug|Any CPU
		Release|Any CPU = Release|Any CPU
	EndGlobalSection
	GlobalSection(ProjectConfigurationPlatforms) = postSolution
		{09D50F6F-2833-4DE0-A609-AA45C45AFE21}.Debug|Any CPU.ActiveCfg = Debug|Any CPU
		{09D50F6F-2833-4DE0-A609-AA45C45AFE21}.Debug|Any CPU.Build.0 = Debug|Any CPU
		{09D50F6F-2833-4DE0-A609-AA45C45AFE21}.Release|Any CPU.ActiveCfg = Release|Any CPU
		{09D50F6F-2833-4DE0-A609-AA45C45AFE21}.Release|Any CPU.Build.0 = Release|Any CPU
	EndGlobalSection
	GlobalSection(SolutionProperties) = preSolution
		HideSolutionNode = FALSE
	EndGlobalSection
	GlobalSection(ExtensibilityGlobals) = postSolution
		SolutionGuid = {D4FD9CAE-68F0-4D70-8AD3-4DFC37917679}
	EndGlobalSection
EndGlobal
